// !$*UTF8*$!
{
	archiveVersion = 1;
	classes = {
	};
	objectVersion = 48;
	objects = {

/* Begin PBXBuildFile section */
		8371D92420C002AC00A64E33 /* Shared.swift in Sources */ = {isa = PBXBuildFile; fileRef = 8371D92320C002AC00A64E33 /* Shared.swift */; };
		83720FDE203D651B0080998F /* AppDelegate.swift in Sources */ = {isa = PBXBuildFile; fileRef = 83720FDD203D651B0080998F /* AppDelegate.swift */; };
		83720FE0203D651B0080998F /* ViewController.swift in Sources */ = {isa = PBXBuildFile; fileRef = 83720FDF203D651B0080998F /* ViewController.swift */; };
		83720FE2203D651B0080998F /* Assets.xcassets in Resources */ = {isa = PBXBuildFile; fileRef = 83720FE1203D651B0080998F /* Assets.xcassets */; };
		83720FE5203D651B0080998F /* Main.storyboard in Resources */ = {isa = PBXBuildFile; fileRef = 83720FE3203D651B0080998F /* Main.storyboard */; };
		83ECEB0020B6E68A008D0294 /* Networking.swift in Sources */ = {isa = PBXBuildFile; fileRef = 83ECEAFF20B6E68A008D0294 /* Networking.swift */; };
/* End PBXBuildFile section */

/* Begin PBXFileReference section */
		8371D92320C002AC00A64E33 /* Shared.swift */ = {isa = PBXFileReference; lastKnownFileType = sourcecode.swift; path = Shared.swift; sourceTree = "<group>"; };
		83720FDA203D651B0080998F /* UnidirectionalDebugger.app */ = {isa = PBXFileReference; explicitFileType = wrapper.application; includeInIndex = 0; path = UnidirectionalDebugger.app; sourceTree = BUILT_PRODUCTS_DIR; };
		83720FDD203D651B0080998F /* AppDelegate.swift */ = {isa = PBXFileReference; lastKnownFileType = sourcecode.swift; path = AppDelegate.swift; sourceTree = "<group>"; };
		83720FDF203D651B0080998F /* ViewController.swift */ = {isa = PBXFileReference; lastKnownFileType = sourcecode.swift; path = ViewController.swift; sourceTree = "<group>"; };
		83720FE1203D651B0080998F /* Assets.xcassets */ = {isa = PBXFileReference; lastKnownFileType = folder.assetcatalog; path = Assets.xcassets; sourceTree = "<group>"; };
		83720FE4203D651B0080998F /* Base */ = {isa = PBXFileReference; lastKnownFileType = file.storyboard; name = Base; path = Base.lproj/Main.storyboard; sourceTree = "<group>"; };
		83720FE6203D651B0080998F /* Info.plist */ = {isa = PBXFileReference; lastKnownFileType = text.plist.xml; path = Info.plist; sourceTree = "<group>"; };
		83720FE7203D651B0080998F /* UnidirectionalDebugger.entitlements */ = {isa = PBXFileReference; lastKnownFileType = text.plist.entitlements; path = UnidirectionalDebugger.entitlements; sourceTree = "<group>"; };
		83ECEAFF20B6E68A008D0294 /* Networking.swift */ = {isa = PBXFileReference; lastKnownFileType = sourcecode.swift; path = Networking.swift; sourceTree = "<group>"; };
/* End PBXFileReference section */

/* Begin PBXFrameworksBuildPhase section */
		83720FD7203D651B0080998F /* Frameworks */ = {
			isa = PBXFrameworksBuildPhase;
			buildActionMask = 2147483647;
			files = (
			);
			runOnlyForDeploymentPostprocessing = 0;
		};
/* End PBXFrameworksBuildPhase section */

/* Begin PBXGroup section */
		83720FD1203D651B0080998F = {
			isa = PBXGroup;
			children = (
				83720FDC203D651B0080998F /* UnidirectionalDebugger */,
				83720FDB203D651B0080998F /* Products */,
			);
			sourceTree = "<group>";
		};
		83720FDB203D651B0080998F /* Products */ = {
			isa = PBXGroup;
			children = (
				83720FDA203D651B0080998F /* UnidirectionalDebugger.app */,
			);
			name = Products;
			sourceTree = "<group>";
		};
		83720FDC203D651B0080998F /* UnidirectionalDebugger */ = {
			isa = PBXGroup;
			children = (
				83720FDD203D651B0080998F /* AppDelegate.swift */,
				8371D92320C002AC00A64E33 /* Shared.swift */,
				83ECEAFF20B6E68A008D0294 /* Networking.swift */,
				83720FDF203D651B0080998F /* ViewController.swift */,
				83720FE1203D651B0080998F /* Assets.xcassets */,
				83720FE3203D651B0080998F /* Main.storyboard */,
				83720FE6203D651B0080998F /* Info.plist */,
				83720FE7203D651B0080998F /* UnidirectionalDebugger.entitlements */,
			);
			path = UnidirectionalDebugger;
			sourceTree = "<group>";
		};
/* End PBXGroup section */

/* Begin PBXNativeTarget section */
		83720FD9203D651B0080998F /* UnidirectionalDebugger */ = {
			isa = PBXNativeTarget;
			buildConfigurationList = 83720FEA203D651B0080998F /* Build configuration list for PBXNativeTarget "UnidirectionalDebugger" */;
			buildPhases = (
				83720FD6203D651B0080998F /* Sources */,
				83720FD7203D651B0080998F /* Frameworks */,
				83720FD8203D651B0080998F /* Resources */,
			);
			buildRules = (
			);
			dependencies = (
			);
			name = UnidirectionalDebugger;
			productName = UnidirectionalDebugger;
			productReference = 83720FDA203D651B0080998F /* UnidirectionalDebugger.app */;
			productType = "com.apple.product-type.application";
		};
/* End PBXNativeTarget section */

/* Begin PBXProject section */
		83720FD2203D651B0080998F /* Project object */ = {
			isa = PBXProject;
			attributes = {
				LastSwiftUpdateCheck = 0920;
				LastUpgradeCheck = 0920;
				ORGANIZATIONNAME = objc.io;
				TargetAttributes = {
					83720FD9203D651B0080998F = {
						CreatedOnToolsVersion = 9.2;
						ProvisioningStyle = Automatic;
						SystemCapabilities = {
							com.apple.Sandbox = {
								enabled = 0;
							};
						};
					};
				};
			};
			buildConfigurationList = 83720FD5203D651B0080998F /* Build configuration list for PBXProject "UnidirectionalDebugger" */;
			compatibilityVersion = "Xcode 8.0";
			developmentRegion = en;
			hasScannedForEncodings = 0;
			knownRegions = (
				en,
				Base,
			);
			mainGroup = 83720FD1203D651B0080998F;
			productRefGroup = 83720FDB203D651B0080998F /* Products */;
			projectDirPath = "";
			projectRoot = "";
			targets = (
				83720FD9203D651B0080998F /* UnidirectionalDebugger */,
			);
		};
/* End PBXProject section */

/* Begin PBXResourcesBuildPhase section */
		83720FD8203D651B0080998F /* Resources */ = {
			isa = PBXResourcesBuildPhase;
			buildActionMask = 2147483647;
			files = (
				83720FE2203D651B0080998F /* Assets.xcassets in Resources */,
				83720FE5203D651B0080998F /* Main.storyboard in Resources */,
			);
			runOnlyForDeploymentPostprocessing = 0;
		};
/* End PBXResourcesBuildPhase section */

/* Begin PBXSourcesBuildPhase section */
		83720FD6203D651B0080998F /* Sources */ = {
			isa = PBXSourcesBuildPhase;
			buildActionMask = 2147483647;
			files = (
				83ECEB0020B6E68A008D0294 /* Networking.swift in Sources */,
				83720FE0203D651B0080998F /* ViewController.swift in Sources */,
				8371D92420C002AC00A64E33 /* Shared.swift in Sources */,
				83720FDE203D651B0080998F /* AppDelegate.swift in Sources */,
			);
			runOnlyForDeploymentPostprocessing = 0;
		};
/* End PBXSourcesBuildPhase section */

/* Begin PBXVariantGroup section */
		83720FE3203D651B0080998F /* Main.storyboard */ = {
			isa = PBXVariantGroup;
			children = (
				83720FE4203D651B0080998F /* Base */,
			);
			name = Main.storyboard;
			sourceTree = "<group>";
		};
/* End PBXVariantGroup section */

/* Begin XCBuildConfiguration section */
		83720FE8203D651B0080998F /* Debug */ = {
			isa = XCBuildConfiguration;
			buildSettings = {
				ALWAYS_SEARCH_USER_PATHS = NO;
				CLANG_ANALYZER_NONNULL = YES;
				CLANG_ANALYZER_NUMBER_OBJECT_CONVERSION = YES_AGGRESSIVE;
				CLANG_CXX_LANGUAGE_STANDARD = "gnu++14";
				CLANG_CXX_LIBRARY = "libc++";
				CLANG_ENABLE_MODULES = YES;
				CLANG_ENABLE_OBJC_ARC = YES;
				CLANG_WARN_BLOCK_CAPTURE_AUTORELEASING = YES;
				CLANG_WARN_BOOL_CONVERSION = YES;
				CLANG_WARN_COMMA = YES;
				CLANG_WARN_CONSTANT_CONVERSION = YES;
				CLANG_WARN_DIRECT_OBJC_ISA_USAGE = YES_ERROR;
				CLANG_WARN_DOCUMENTATION_COMMENTS = YES;
				CLANG_WARN_EMPTY_BODY = YES;
				CLANG_WARN_ENUM_CONVERSION = YES;
				CLANG_WARN_INFINITE_RECURSION = YES;
				CLANG_WARN_INT_CONVERSION = YES;
				CLANG_WARN_NON_LITERAL_NULL_CONVERSION = YES;
				CLANG_WARN_OBJC_LITERAL_CONVERSION = YES;
				CLANG_WARN_OBJC_ROOT_CLASS = YES_ERROR;
				CLANG_WARN_RANGE_LOOP_ANALYSIS = YES;
				CLANG_WARN_STRICT_PROTOTYPES = YES;
				CLANG_WARN_SUSPICIOUS_MOVE = YES;
				CLANG_WARN_UNGUARDED_AVAILABILITY = YES_AGGRESSIVE;
				CLANG_WARN_UNREACHABLE_CODE = YES;
				CLANG_WARN__DUPLICATE_METHOD_MATCH = YES;
				CODE_SIGN_IDENTITY = "";
				COPY_PHASE_STRIP = NO;
				DEBUG_INFORMATION_FORMAT = dwarf;
				ENABLE_STRICT_OBJC_MSGSEND = YES;
				ENABLE_TESTABILITY = YES;
				GCC_C_LANGUAGE_STANDARD = gnu11;
				GCC_DYNAMIC_NO_PIC = NO;
				GCC_NO_COMMON_BLOCKS = YES;
				GCC_OPTIMIZATION_LEVEL = 0;
				GCC_PREPROCESSOR_DEFINITIONS = (
					"DEBUG=1",
					"$(inherited)",
				);
				GCC_WARN_64_TO_32_BIT_CONVERSION = YES;
				GCC_WARN_ABOUT_RETURN_TYPE = YES_ERROR;
				GCC_WARN_UNDECLARED_SELECTOR = YES;
				GCC_WARN_UNINITIALIZED_AUTOS = YES_AGGRESSIVE;
				GCC_WARN_UNUSED_FUNCTION = YES;
				GCC_WARN_UNUSED_VARIABLE = YES;
				MACOSX_DEPLOYMENT_TARGET = 10.13;
				MTL_ENABLE_DEBUG_INFO = YES;
				ONLY_ACTIVE_ARCH = YES;
				SDKROOT = macosx;
				SWIFT_ACTIVE_COMPILATION_CONDITIONS = DEBUG;
				SWIFT_OPTIMIZATION_LEVEL = "-Onone";
			};
			name = Debug;
		};
		83720FE9203D651B0080998F /* Release */ = {
			isa = XCBuildConfiguration;
			buildSettings = {
				ALWAYS_SEARCH_USER_PATHS = NO;
				CLANG_ANALYZER_NONNULL = YES;
				CLANG_ANALYZER_NUMBER_OBJECT_CONVERSION = YES_AGGRESSIVE;
				CLANG_CXX_LANGUAGE_STANDARD = "gnu++14";
				CLANG_CXX_LIBRARY = "libc++";
				CLANG_ENABLE_MODULES = YES;
				CLANG_ENABLE_OBJC_ARC = YES;
				CLANG_WARN_BLOCK_CAPTURE_AUTORELEASING = YES;
				CLANG_WARN_BOOL_CONVERSION = YES;
				CLANG_WARN_COMMA = YES;
				CLANG_WARN_CONSTANT_CONVERSION = YES;
				CLANG_WARN_DIRECT_OBJC_ISA_USAGE = YES_ERROR;
				CLANG_WARN_DOCUMENTATION_COMMENTS = YES;
				CLANG_WARN_EMPTY_BODY = YES;
				CLANG_WARN_ENUM_CONVERSION = YES;
				CLANG_WARN_INFINITE_RECURSION = YES;
				CLANG_WARN_INT_CONVERSION = YES;
				CLANG_WARN_NON_LITERAL_NULL_CONVERSION = YES;
				CLANG_WARN_OBJC_LITERAL_CONVERSION = YES;
				CLANG_WARN_OBJC_ROOT_CLASS = YES_ERROR;
				CLANG_WARN_RANGE_LOOP_ANALYSIS = YES;
				CLANG_WARN_STRICT_PROTOTYPES = YES;
				CLANG_WARN_SUSPICIOUS_MOVE = YES;
				CLANG_WARN_UNGUARDED_AVAILABILITY = YES_AGGRESSIVE;
				CLANG_WARN_UNREACHABLE_CODE = YES;
				CLANG_WARN__DUPLICATE_METHOD_MATCH = YES;
				CODE_SIGN_IDENTITY = "";
				COPY_PHASE_STRIP = NO;
				DEBUG_INFORMATION_FORMAT = "dwarf-with-dsym";
				ENABLE_NS_ASSERTIONS = NO;
				ENABLE_STRICT_OBJC_MSGSEND = YES;
				GCC_C_LANGUAGE_STANDARD = gnu11;
				GCC_NO_COMMON_BLOCKS = YES;
				GCC_WARN_64_TO_32_BIT_CONVERSION = YES;
				GCC_WARN_ABOUT_RETURN_TYPE = YES_ERROR;
				GCC_WARN_UNDECLARED_SELECTOR = YES;
				GCC_WARN_UNINITIALIZED_AUTOS = YES_AGGRESSIVE;
				GCC_WARN_UNUSED_FUNCTION = YES;
				GCC_WARN_UNUSED_VARIABLE = YES;
				MACOSX_DEPLOYMENT_TARGET = 10.13;
				MTL_ENABLE_DEBUG_INFO = NO;
				SDKROOT = macosx;
				SWIFT_OPTIMIZATION_LEVEL = "-Owholemodule";
			};
			name = Release;
		};
		83720FEB203D651B0080998F /* Debug */ = {
			isa = XCBuildConfiguration;
			buildSettings = {
				ASSETCATALOG_COMPILER_APPICON_NAME = AppIcon;
				CODE_SIGN_STYLE = Automatic;
				COMBINE_HIDPI_IMAGES = YES;
				DEVELOPMENT_TEAM = "";
				INFOPLIST_FILE = UnidirectionalDebugger/Info.plist;
				LD_RUNPATH_SEARCH_PATHS = "$(inherited) @executable_path/../Frameworks";
				PRODUCT_BUNDLE_IDENTIFIER = io.objc.UnidirectionalDebugger;
				PRODUCT_NAME = "$(TARGET_NAME)";
				SWIFT_VERSION = 4.0;
			};
			name = Debug;
		};
		83720FEC203D651B0080998F /* Release */ = {
			isa = XCBuildConfiguration;
			buildSettings = {
				ASSETCATALOG_COMPILER_APPICON_NAME = AppIcon;
				CODE_SIGN_STYLE = Automatic;
				COMBINE_HIDPI_IMAGES = YES;
				DEVELOPMENT_TEAM = "";
				INFOPLIST_FILE = UnidirectionalDebugger/Info.plist;
				LD_RUNPATH_SEARCH_PATHS = "$(inherited) @executable_path/../Frameworks";
				PRODUCT_BUNDLE_IDENTIFIER = io.objc.UnidirectionalDebugger;
				PRODUCT_NAME = "$(TARGET_NAME)";
				SWIFT_VERSION = 4.0;
			};
			name = Release;
		};
/* End XCBuildConfiguration section */

/* Begin XCConfigurationList section */
		83720FD5203D651B0080998F /* Build configuration list for PBXProject "UnidirectionalDebugger" */ = {
			isa = XCConfigurationList;
			buildConfigurations = (
				83720FE8203D651B0080998F /* Debug */,
				83720FE9203D651B0080998F /* Release */,
			);
			defaultConfigurationIsVisible = 0;
			defaultConfigurationName = Release;
		};
		83720FEA203D651B0080998F /* Build configuration list for PBXNativeTarget "UnidirectionalDebugger" */ = {
			isa = XCConfigurationList;
			buildConfigurations = (
				83720FEB203D651B0080998F /* Debug */,
				83720FEC203D651B0080998F /* Release */,
			);
			defaultConfigurationIsVisible = 0;
			defaultConfigurationName = Release;
		};
/* End XCConfigurationList section */
	};
	rootObject = 83720FD2203D651B0080998F /* Project object */;
}
